
Microsoft Visual Studio Solution File, Format Version 12.00
# Visual Studio Express 2012 for Windows Desktop
Project("{FAE04EC0-301F-11D3-BF4B-00C04F79EFBC}") = "ChemTrend.Barcode", "ChemTrend.Barcode\ChemTrend.Barcode.csproj", "{F42F49CF-EBD6-4BCC-921D-101660342219}"
EndProject
Project("{FAE04EC0-301F-11D3-BF4B-00C04F79EFBC}") = "BarcodeModel", "..\BarcodeModel\BarcodeModel.csproj", "{AC9F432B-B496-412A-BD72-BB16C4EC5516}"
EndProject
Global
	GlobalSection(SolutionConfigurationPlatforms) = preSolution
		Debug|Any CPU = Debug|Any CPU
		Release|Any CPU = Release|Any CPU
	EndGlobalSection
	GlobalSection(ProjectConfigurationPlatforms) = postSolution
		{F42F49CF-EBD6-4BCC-921D-101660342219}.Debug|Any CPU.ActiveCfg = Debug|Any CPU
		{F42F49CF-EBD6-4BCC-921D-101660342219}.Debug|Any CPU.Build.0 = Debug|Any CPU
		{F42F49CF-EBD6-4BCC-921D-101660342219}.Release|Any CPU.ActiveCfg = Release|Any CPU
		{F42F49CF-EBD6-4BCC-921D-101660342219}.Release|Any CPU.Build.0 = Release|Any CPU
		{AC9F432B-B496-412A-BD72-BB16C4EC5516}.Debug|Any CPU.ActiveCfg = Debug|Any CPU
		{AC9F432B-B496-412A-BD72-BB16C4EC5516}.Debug|Any CPU.Build.0 = Debug|Any CPU
		{AC9F432B-B496-412A-BD72-BB16C4EC5516}.Release|Any CPU.ActiveCfg = Release|Any CPU
		{AC9F432B-B496-412A-BD72-BB16C4EC5516}.Release|Any CPU.Build.0 = Release|Any CPU
	EndGlobalSection
	GlobalSection(SolutionProperties) = preSolution
		HideSolutionNode = FALSE
	EndGlobalSection
EndGlobal
